
Microsoft Visual Studio Solution File, Format Version 11.00
# Visual Studio 2010
Project("{8BC9CEB8-8B4A-11D0-8D11-00A0C91BC942}") = "Particle_engine", "Particle_engine\Particle_engine.vcxproj", "{71EAC684-A93E-4612-9F34-6D9F14BB3BEE}"
EndProject
Global
	GlobalSection(SolutionConfigurationPlatforms) = preSolution
		Debug|Win32 = Debug|Win32
		Release|Win32 = Release|Win32
	EndGlobalSection
	GlobalSection(ProjectConfigurationPlatforms) = postSolution
		{71EAC684-A93E-4612-9F34-6D9F14BB3BEE}.Debug|Win32.ActiveCfg = Debug|Win32
		{71EAC684-A93E-4612-9F34-6D9F14BB3BEE}.Debug|Win32.Build.0 = Debug|Win32
		{71EAC684-A93E-4612-9F34-6D9F14BB3BEE}.Release|Win32.ActiveCfg = Release|Win32
		{71EAC684-A93E-4612-9F34-6D9F14BB3BEE}.Release|Win32.Build.0 = Release|Win32
	EndGlobalSection
	GlobalSection(SolutionProperties) = preSolution
		HideSolutionNode = FALSE
	EndGlobalSection
EndGlobal
